
Microsoft Visual Studio Solution File, Format Version 12.00
# Visual Studio Version 16
VisualStudioVersion = 16.0.31729.503
MinimumVisualStudioVersion = 10.0.40219.1
Project("{9A19103F-16F7-4668-BE54-9A1E7A4F7556}") = "Core", "Core\Core.csproj", "{739A723B-2A60-4EBC-8BCC-882A5965F2E8}"
EndProject
Project("{9A19103F-16F7-4668-BE54-9A1E7A4F7556}") = "DataAccess", "DataAccess\DataAccess.csproj", "{77670B0B-EA24-4E79-AC40-741A2FD7E07D}"
EndProject
Project("{9A19103F-16F7-4668-BE54-9A1E7A4F7556}") = "Entity", "Entity\Entity.csproj", "{3F0CFA0C-A6C0-4870-8512-75809045C0D5}"
EndProject
Project("{9A19103F-16F7-4668-BE54-9A1E7A4F7556}") = "Business", "Business\Business.csproj", "{35F725BE-3341-43D3-BE7C-95405CBB0DAE}"
EndProject
Project("{9A19103F-16F7-4668-BE54-9A1E7A4F7556}") = "WebUI", "WebUI\WebUI.csproj", "{1E44DD11-BAD1-4AAD-89BA-084A31013B69}"
EndProject
Global
	GlobalSection(SolutionConfigurationPlatforms) = preSolution
		Debug|Any CPU = Debug|Any CPU
		Release|Any CPU = Release|Any CPU
	EndGlobalSection
	GlobalSection(ProjectConfigurationPlatforms) = postSolution
		{739A723B-2A60-4EBC-8BCC-882A5965F2E8}.Debug|Any CPU.ActiveCfg = Debug|Any CPU
		{739A723B-2A60-4EBC-8BCC-882A5965F2E8}.Debug|Any CPU.Build.0 = Debug|Any CPU
		{739A723B-2A60-4EBC-8BCC-882A5965F2E8}.Release|Any CPU.ActiveCfg = Release|Any CPU
		{739A723B-2A60-4EBC-8BCC-882A5965F2E8}.Release|Any CPU.Build.0 = Release|Any CPU
		{77670B0B-EA24-4E79-AC40-741A2FD7E07D}.Debug|Any CPU.ActiveCfg = Debug|Any CPU
		{77670B0B-EA24-4E79-AC40-741A2FD7E07D}.Debug|Any CPU.Build.0 = Debug|Any CPU
		{77670B0B-EA24-4E79-AC40-741A2FD7E07D}.Release|Any CPU.ActiveCfg = Release|Any CPU
		{77670B0B-EA24-4E79-AC40-741A2FD7E07D}.Release|Any CPU.Build.0 = Release|Any CPU
		{3F0CFA0C-A6C0-4870-8512-75809045C0D5}.Debug|Any CPU.ActiveCfg = Debug|Any CPU
		{3F0CFA0C-A6C0-4870-8512-75809045C0D5}.Debug|Any CPU.Build.0 = Debug|Any CPU
		{3F0CFA0C-A6C0-4870-8512-75809045C0D5}.Release|Any CPU.ActiveCfg = Release|Any CPU
		{3F0CFA0C-A6C0-4870-8512-75809045C0D5}.Release|Any CPU.Build.0 = Release|Any CPU
		{35F725BE-3341-43D3-BE7C-95405CBB0DAE}.Debug|Any CPU.ActiveCfg = Debug|Any CPU
		{35F725BE-3341-43D3-BE7C-95405CBB0DAE}.Debug|Any CPU.Build.0 = Debug|Any CPU
		{35F725BE-3341-43D3-BE7C-95405CBB0DAE}.Release|Any CPU.ActiveCfg = Release|Any CPU
		{35F725BE-3341-43D3-BE7C-95405CBB0DAE}.Release|Any CPU.Build.0 = Release|Any CPU
		{1E44DD11-BAD1-4AAD-89BA-084A31013B69}.Debug|Any CPU.ActiveCfg = Debug|Any CPU
		{1E44DD11-BAD1-4AAD-89BA-084A31013B69}.Debug|Any CPU.Build.0 = Debug|Any CPU
		{1E44DD11-BAD1-4AAD-89BA-084A31013B69}.Release|Any CPU.ActiveCfg = Release|Any CPU
		{1E44DD11-BAD1-4AAD-89BA-084A31013B69}.Release|Any CPU.Build.0 = Release|Any CPU
	EndGlobalSection
	GlobalSection(SolutionProperties) = preSolution
		HideSolutionNode = FALSE
	EndGlobalSection
	GlobalSection(ExtensibilityGlobals) = postSolution
		SolutionGuid = {9FE5699C-43ED-4ABD-B2B3-AB09E37F0E76}
	EndGlobalSection
EndGlobal
